
Microsoft Visual Studio Solution File, Format Version 12.00
# Visual Studio 15
VisualStudioVersion = 15.0.26730.12
MinimumVisualStudioVersion = 10.0.40219.1
Project("{FAE04EC0-301F-11D3-BF4B-00C04F79EFBC}") = "DequeImplementation", "DequeImplementation\DequeImplementation.csproj", "{71E9AA61-CCFC-4D7F-8732-70B93BA349F2}"
EndProject
Project("{FAE04EC0-301F-11D3-BF4B-00C04F79EFBC}") = "DequeImplementationTests", "DequeImplementationTests\DequeImplementationTests.csproj", "{1FAD054F-C9C4-4BA6-9BFE-F81FB65A78C9}"
EndProject
Project("{FAE04EC0-301F-11D3-BF4B-00C04F79EFBC}") = "DequeImplementationTests1", "DequeImplementationTests1\DequeImplementationTests1.csproj", "{9591A14B-BF8A-4320-9713-BD26CA65C9DB}"
EndProject
Global
	GlobalSection(SolutionConfigurationPlatforms) = preSolution
		Debug|Any CPU = Debug|Any CPU
		Release|Any CPU = Release|Any CPU
	EndGlobalSection
	GlobalSection(ProjectConfigurationPlatforms) = postSolution
		{71E9AA61-CCFC-4D7F-8732-70B93BA349F2}.Debug|Any CPU.ActiveCfg = Debug|Any CPU
		{71E9AA61-CCFC-4D7F-8732-70B93BA349F2}.Debug|Any CPU.Build.0 = Debug|Any CPU
		{71E9AA61-CCFC-4D7F-8732-70B93BA349F2}.Release|Any CPU.ActiveCfg = Release|Any CPU
		{71E9AA61-CCFC-4D7F-8732-70B93BA349F2}.Release|Any CPU.Build.0 = Release|Any CPU
		{1FAD054F-C9C4-4BA6-9BFE-F81FB65A78C9}.Debug|Any CPU.ActiveCfg = Debug|Any CPU
		{1FAD054F-C9C4-4BA6-9BFE-F81FB65A78C9}.Debug|Any CPU.Build.0 = Debug|Any CPU
		{1FAD054F-C9C4-4BA6-9BFE-F81FB65A78C9}.Release|Any CPU.ActiveCfg = Release|Any CPU
		{1FAD054F-C9C4-4BA6-9BFE-F81FB65A78C9}.Release|Any CPU.Build.0 = Release|Any CPU
		{9591A14B-BF8A-4320-9713-BD26CA65C9DB}.Debug|Any CPU.ActiveCfg = Debug|Any CPU
		{9591A14B-BF8A-4320-9713-BD26CA65C9DB}.Debug|Any CPU.Build.0 = Debug|Any CPU
		{9591A14B-BF8A-4320-9713-BD26CA65C9DB}.Release|Any CPU.ActiveCfg = Release|Any CPU
		{9591A14B-BF8A-4320-9713-BD26CA65C9DB}.Release|Any CPU.Build.0 = Release|Any CPU
	EndGlobalSection
	GlobalSection(SolutionProperties) = preSolution
		HideSolutionNode = FALSE
	EndGlobalSection
	GlobalSection(ExtensibilityGlobals) = postSolution
		SolutionGuid = {B6B2E2F0-FB4F-4B90-8DE7-21E366125489}
	EndGlobalSection
EndGlobal
